{
    "version": 3,
    "terraform_version": "0.11.8",
    "serial": 15,
    "lineage": "cc4c8d90-0103-764a-9bfd-cf627e4643d6",
    "modules": [
        {
            "path": [
                "root"
            ],
            "outputs": {},
            "resources": {
                "aws_eip.nat.0": {
                    "type": "aws_eip",
                    "depends_on": [],
                    "primary": {
                        "id": "eipalloc-04516214ab2f95897",
                        "attributes": {
                            "association_id": "eipassoc-031db7fb1b406da79",
                            "customer_owned_ip": "",
                            "customer_owned_ipv4_pool": "",
                            "domain": "vpc",
                            "id": "eipalloc-04516214ab2f95897",
                            "instance": "",
                            "network_interface": "eni-0dae827821e59454b",
                            "private_dns": "ip-10-42-100-248.ec2.internal",
                            "private_ip": "10.42.100.248",
                            "public_dns": "ec2-54-160-65-24.compute-1.amazonaws.com",
                            "public_ip": "54.160.65.24",
                            "public_ipv4_pool": "amazon",
                            "tags.%": "0",
                            "vpc": "true"
                        },
                        "meta": {
                            "e2bfb730-ecaa-11e6-8f88-34363bc7c4c0": {
                                "delete": 180000000000,
                                "read": 900000000000,
                                "update": 300000000000
                            }
                        },
                        "tainted": false
                    },
                    "deposed": [],
                    "provider": "provider.aws"
                },
                "aws_eip.nat.1": {
                    "type": "aws_eip",
                    "depends_on": [],
                    "primary": {
                        "id": "eipalloc-0b4cd537e71474982",
                        "attributes": {
                            "association_id": "eipassoc-0806aa303bc4e6edd",
                            "customer_owned_ip": "",
                            "customer_owned_ipv4_pool": "",
                            "domain": "vpc",
                            "id": "eipalloc-0b4cd537e71474982",
                            "instance": "",
                            "network_interface": "eni-0339d847415dc6664",
                            "private_dns": "ip-10-42-101-165.ec2.internal",
                            "private_ip": "10.42.101.165",
                            "public_dns": "ec2-34-230-100-195.compute-1.amazonaws.com",
                            "public_ip": "34.230.100.195",
                            "public_ipv4_pool": "amazon",
                            "tags.%": "0",
                            "vpc": "true"
                        },
                        "meta": {
                            "e2bfb730-ecaa-11e6-8f88-34363bc7c4c0": {
                                "delete": 180000000000,
                                "read": 900000000000,
                                "update": 300000000000
                            }
                        },
                        "tainted": false
                    },
                    "deposed": [],
                    "provider": "provider.aws"
                },
                "aws_eip.nat.2": {
                    "type": "aws_eip",
                    "depends_on": [],
                    "primary": {
                        "id": "eipalloc-0616668d12427ebab",
                        "attributes": {
                            "association_id": "eipassoc-0d0af5633dbe2fbab",
                            "customer_owned_ip": "",
                            "customer_owned_ipv4_pool": "",
                            "domain": "vpc",
                            "id": "eipalloc-0616668d12427ebab",
                            "instance": "",
                            "network_interface": "eni-05bee86a0cec8bf4b",
                            "private_dns": "ip-10-42-102-41.ec2.internal",
                            "private_ip": "10.42.102.41",
                            "public_dns": "ec2-3-229-18-114.compute-1.amazonaws.com",
                            "public_ip": "3.229.18.114",
                            "public_ipv4_pool": "amazon",
                            "tags.%": "0",
                            "vpc": "true"
                        },
                        "meta": {
                            "e2bfb730-ecaa-11e6-8f88-34363bc7c4c0": {
                                "delete": 180000000000,
                                "read": 900000000000,
                                "update": 300000000000
                            }
                        },
                        "tainted": false
                    },
                    "deposed": [],
                    "provider": "provider.aws"
                },
                "aws_internet_gateway.gw": {
                    "type": "aws_internet_gateway",
                    "depends_on": [
                        "aws_vpc.main"
                    ],
                    "primary": {
                        "id": "igw-08ebd21a8e7494b36",
                        "attributes": {
                            "id": "igw-08ebd21a8e7494b36",
                            "owner_id": "857934240020",
                            "tags.%": "2",
                            "tags.Name": "dmz",
                            "tags.Owner": "Andrey",
                            "vpc_id": "vpc-0e82a2c6eec3e291d"
                        },
                        "meta": {},
                        "tainted": false
                    },
                    "deposed": [],
                    "provider": "provider.aws"
                },
                "aws_subnet.dmz.0": {
                    "type": "aws_subnet",
                    "depends_on": [
                        "aws_vpc.main"
                    ],
                    "primary": {
                        "id": "subnet-0649c8e245364d80b",
                        "attributes": {
                            "arn": "arn:aws:ec2:us-east-1:857934240020:subnet/subnet-0649c8e245364d80b",
                            "assign_ipv6_address_on_creation": "false",
                            "availability_zone": "us-east-1a",
                            "availability_zone_id": "use1-az1",
                            "cidr_block": "10.42.100.0/24",
                            "id": "subnet-0649c8e245364d80b",
                            "ipv6_cidr_block": "",
                            "ipv6_cidr_block_association_id": "",
                            "map_public_ip_on_launch": "false",
                            "outpost_arn": "",
                            "owner_id": "857934240020",
                            "tags.%": "2",
                            "tags.Name": "dmz-0",
                            "tags.Owner": "Andrey",
                            "vpc_id": "vpc-0e82a2c6eec3e291d"
                        },
                        "meta": {
                            "e2bfb730-ecaa-11e6-8f88-34363bc7c4c0": {
                                "create": 600000000000,
                                "delete": 1200000000000
                            },
                            "schema_version": "1"
                        },
                        "tainted": false
                    },
                    "deposed": [],
                    "provider": "provider.aws"
                },
                "aws_subnet.dmz.1": {
                    "type": "aws_subnet",
                    "depends_on": [
                        "aws_vpc.main"
                    ],
                    "primary": {
                        "id": "subnet-0690e99b60b751661",
                        "attributes": {
                            "arn": "arn:aws:ec2:us-east-1:857934240020:subnet/subnet-0690e99b60b751661",
                            "assign_ipv6_address_on_creation": "false",
                            "availability_zone": "us-east-1b",
                            "availability_zone_id": "use1-az2",
                            "cidr_block": "10.42.101.0/24",
                            "id": "subnet-0690e99b60b751661",
                            "ipv6_cidr_block": "",
                            "ipv6_cidr_block_association_id": "",
                            "map_public_ip_on_launch": "false",
                            "outpost_arn": "",
                            "owner_id": "857934240020",
                            "tags.%": "2",
                            "tags.Name": "dmz-1",
                            "tags.Owner": "Andrey",
                            "vpc_id": "vpc-0e82a2c6eec3e291d"
                        },
                        "meta": {
                            "e2bfb730-ecaa-11e6-8f88-34363bc7c4c0": {
                                "create": 600000000000,
                                "delete": 1200000000000
                            },
                            "schema_version": "1"
                        },
                        "tainted": false
                    },
                    "deposed": [],
                    "provider": "provider.aws"
                },
                "aws_subnet.dmz.2": {
                    "type": "aws_subnet",
                    "depends_on": [
                        "aws_vpc.main"
                    ],
                    "primary": {
                        "id": "subnet-0e3e9b8f4ed5d3908",
                        "attributes": {
                            "arn": "arn:aws:ec2:us-east-1:857934240020:subnet/subnet-0e3e9b8f4ed5d3908",
                            "assign_ipv6_address_on_creation": "false",
                            "availability_zone": "us-east-1c",
                            "availability_zone_id": "use1-az4",
                            "cidr_block": "10.42.102.0/24",
                            "id": "subnet-0e3e9b8f4ed5d3908",
                            "ipv6_cidr_block": "",
                            "ipv6_cidr_block_association_id": "",
                            "map_public_ip_on_launch": "false",
                            "outpost_arn": "",
                            "owner_id": "857934240020",
                            "tags.%": "2",
                            "tags.Name": "dmz-2",
                            "tags.Owner": "Andrey",
                            "vpc_id": "vpc-0e82a2c6eec3e291d"
                        },
                        "meta": {
                            "e2bfb730-ecaa-11e6-8f88-34363bc7c4c0": {
                                "create": 600000000000,
                                "delete": 1200000000000
                            },
                            "schema_version": "1"
                        },
                        "tainted": false
                    },
                    "deposed": [],
                    "provider": "provider.aws"
                },
                "aws_vpc.main": {
                    "type": "aws_vpc",
                    "depends_on": [],
                    "primary": {
                        "id": "vpc-0e82a2c6eec3e291d",
                        "attributes": {
                            "arn": "arn:aws:ec2:us-east-1:857934240020:vpc/vpc-0e82a2c6eec3e291d",
                            "assign_generated_ipv6_cidr_block": "false",
                            "cidr_block": "10.42.0.0/16",
                            "default_network_acl_id": "acl-063a18ec1ccbc0236",
                            "default_route_table_id": "rtb-0c4f5fe68de992c80",
                            "default_security_group_id": "sg-0db2a8df1bfd2f0d5",
                            "dhcp_options_id": "dopt-02338464808ecea66",
                            "enable_classiclink": "false",
                            "enable_classiclink_dns_support": "false",
                            "enable_dns_hostnames": "true",
                            "enable_dns_support": "true",
                            "id": "vpc-0e82a2c6eec3e291d",
                            "instance_tenancy": "default",
                            "ipv6_association_id": "",
                            "ipv6_cidr_block": "",
                            "main_route_table_id": "rtb-0c4f5fe68de992c80",
                            "owner_id": "857934240020",
                            "tags.%": "2",
                            "tags.Name": "Andrey ETCD",
                            "tags.Owner": "Andrey"
                        },
                        "meta": {
                            "schema_version": "1"
                        },
                        "tainted": false
                    },
                    "deposed": [],
                    "provider": "provider.aws"
                }
            },
            "depends_on": []
        }
    ]
}
